
Microsoft Visual Studio Solution File, Format Version 12.00
# Visual Studio 2013
VisualStudioVersion = 12.0.31101.0
MinimumVisualStudioVersion = 10.0.40219.1
Project("{FAE04EC0-301F-11D3-BF4B-00C04F79EFBC}") = "TimeDifferenceCalculatorV2", "TimeDifferenceCalculatorV2\TimeDifferenceCalculatorV2.csproj", "{839BBA6A-1462-4292-80CE-FB142B4FF3BD}"
EndProject
Global
	GlobalSection(SolutionConfigurationPlatforms) = preSolution
		Debug|Any CPU = Debug|Any CPU
		Release|Any CPU = Release|Any CPU
	EndGlobalSection
	GlobalSection(ProjectConfigurationPlatforms) = postSolution
		{839BBA6A-1462-4292-80CE-FB142B4FF3BD}.Debug|Any CPU.ActiveCfg = Debug|Any CPU
		{839BBA6A-1462-4292-80CE-FB142B4FF3BD}.Debug|Any CPU.Build.0 = Debug|Any CPU
		{839BBA6A-1462-4292-80CE-FB142B4FF3BD}.Release|Any CPU.ActiveCfg = Release|Any CPU
		{839BBA6A-1462-4292-80CE-FB142B4FF3BD}.Release|Any CPU.Build.0 = Release|Any CPU
	EndGlobalSection
	GlobalSection(SolutionProperties) = preSolution
		HideSolutionNode = FALSE
	EndGlobalSection
EndGlobal
