
Microsoft Visual Studio Solution File, Format Version 12.00
# Visual Studio 2012
Project("{2150E333-8FDC-42A3-9474-1A3956D46DE8}") = "4 - User Interface", "4 - User Interface", "{8FC1D956-A5B7-4D88-93C6-CA3018BD3FE2}"
EndProject
Project("{2150E333-8FDC-42A3-9474-1A3956D46DE8}") = "2 - Business", "2 - Business", "{1BF59863-B483-4A7B-BF4E-D08C36A510DF}"
EndProject
Project("{2150E333-8FDC-42A3-9474-1A3956D46DE8}") = "1 - Data", "1 - Data", "{4FD847EF-3BAE-4A47-8393-AB1AC72BFE49}"
EndProject
Project("{2150E333-8FDC-42A3-9474-1A3956D46DE8}") = "5 - Common", "5 - Common", "{C091DF5A-843A-4762-9950-F46C24838BDA}"
EndProject
Project("{FAE04EC0-301F-11D3-BF4B-00C04F79EFBC}") = "Data", "Data\Data.csproj", "{DCBDB9DE-E10D-4FBB-B16D-6F274CBA49E2}"
EndProject
Project("{FAE04EC0-301F-11D3-BF4B-00C04F79EFBC}") = "Models", "Models\Models.csproj", "{55FCABF8-85A7-476E-9B64-45CF8F45081E}"
EndProject
Project("{FAE04EC0-301F-11D3-BF4B-00C04F79EFBC}") = "Business", "Business\Business.csproj", "{B2780E79-B310-4FDA-B3D6-8E4A3F5A7061}"
EndProject
Project("{FAE04EC0-301F-11D3-BF4B-00C04F79EFBC}") = "Enums", "Enums\Enums.csproj", "{051B9AE6-3FD9-4DB6-8C22-454F34C98C1E}"
EndProject
Project("{2150E333-8FDC-42A3-9474-1A3956D46DE8}") = "3 - Tests", "3 - Tests", "{D9C1E9E4-1686-49E8-9B73-23E9ECBFF557}"
EndProject
Project("{FAE04EC0-301F-11D3-BF4B-00C04F79EFBC}") = "Common", "Common\Common.csproj", "{4EDCE689-4707-4913-9525-283241B6AEBD}"
EndProject
Project("{FAE04EC0-301F-11D3-BF4B-00C04F79EFBC}") = "Recipes", "Recipes\Recipes.csproj", "{D0A38CD8-F0F9-4AF0-8EA9-D379C3299A19}"
EndProject
Project("{FAE04EC0-301F-11D3-BF4B-00C04F79EFBC}") = "Extentions", "Extentions\Extentions.csproj", "{A844307D-6FE6-41D8-8760-617B73DBE960}"
EndProject
Project("{FAE04EC0-301F-11D3-BF4B-00C04F79EFBC}") = "Data.Tests", "Tests\Data.Tests\Data.Tests.csproj", "{0C52C929-732F-4621-81D8-ACF39EB01C29}"
EndProject
Project("{2150E333-8FDC-42A3-9474-1A3956D46DE8}") = "6 - Documentation", "6 - Documentation", "{059F36D7-36A0-4FA8-9431-DEA70CD04E30}"
	ProjectSection(SolutionItems) = preProject
		Documentation\Recipe Application.xmind = Documentation\Recipe Application.xmind
	EndProjectSection
EndProject
Project("{FAE04EC0-301F-11D3-BF4B-00C04F79EFBC}") = "Interfaces", "Interfaces\Interfaces.csproj", "{3B313B76-32C0-4705-BEF5-3133E0BD4659}"
EndProject
Global
	GlobalSection(SolutionConfigurationPlatforms) = preSolution
		Debug|Any CPU = Debug|Any CPU
		Release|Any CPU = Release|Any CPU
	EndGlobalSection
	GlobalSection(ProjectConfigurationPlatforms) = postSolution
		{DCBDB9DE-E10D-4FBB-B16D-6F274CBA49E2}.Debug|Any CPU.ActiveCfg = Debug|Any CPU
		{DCBDB9DE-E10D-4FBB-B16D-6F274CBA49E2}.Debug|Any CPU.Build.0 = Debug|Any CPU
		{DCBDB9DE-E10D-4FBB-B16D-6F274CBA49E2}.Release|Any CPU.ActiveCfg = Release|Any CPU
		{DCBDB9DE-E10D-4FBB-B16D-6F274CBA49E2}.Release|Any CPU.Build.0 = Release|Any CPU
		{55FCABF8-85A7-476E-9B64-45CF8F45081E}.Debug|Any CPU.ActiveCfg = Debug|Any CPU
		{55FCABF8-85A7-476E-9B64-45CF8F45081E}.Debug|Any CPU.Build.0 = Debug|Any CPU
		{55FCABF8-85A7-476E-9B64-45CF8F45081E}.Release|Any CPU.ActiveCfg = Release|Any CPU
		{55FCABF8-85A7-476E-9B64-45CF8F45081E}.Release|Any CPU.Build.0 = Release|Any CPU
		{B2780E79-B310-4FDA-B3D6-8E4A3F5A7061}.Debug|Any CPU.ActiveCfg = Debug|Any CPU
		{B2780E79-B310-4FDA-B3D6-8E4A3F5A7061}.Debug|Any CPU.Build.0 = Debug|Any CPU
		{B2780E79-B310-4FDA-B3D6-8E4A3F5A7061}.Release|Any CPU.ActiveCfg = Release|Any CPU
		{B2780E79-B310-4FDA-B3D6-8E4A3F5A7061}.Release|Any CPU.Build.0 = Release|Any CPU
		{051B9AE6-3FD9-4DB6-8C22-454F34C98C1E}.Debug|Any CPU.ActiveCfg = Debug|Any CPU
		{051B9AE6-3FD9-4DB6-8C22-454F34C98C1E}.Debug|Any CPU.Build.0 = Debug|Any CPU
		{051B9AE6-3FD9-4DB6-8C22-454F34C98C1E}.Release|Any CPU.ActiveCfg = Release|Any CPU
		{051B9AE6-3FD9-4DB6-8C22-454F34C98C1E}.Release|Any CPU.Build.0 = Release|Any CPU
		{4EDCE689-4707-4913-9525-283241B6AEBD}.Debug|Any CPU.ActiveCfg = Debug|Any CPU
		{4EDCE689-4707-4913-9525-283241B6AEBD}.Debug|Any CPU.Build.0 = Debug|Any CPU
		{4EDCE689-4707-4913-9525-283241B6AEBD}.Release|Any CPU.ActiveCfg = Release|Any CPU
		{4EDCE689-4707-4913-9525-283241B6AEBD}.Release|Any CPU.Build.0 = Release|Any CPU
		{D0A38CD8-F0F9-4AF0-8EA9-D379C3299A19}.Debug|Any CPU.ActiveCfg = Debug|Any CPU
		{D0A38CD8-F0F9-4AF0-8EA9-D379C3299A19}.Debug|Any CPU.Build.0 = Debug|Any CPU
		{D0A38CD8-F0F9-4AF0-8EA9-D379C3299A19}.Release|Any CPU.ActiveCfg = Release|Any CPU
		{D0A38CD8-F0F9-4AF0-8EA9-D379C3299A19}.Release|Any CPU.Build.0 = Release|Any CPU
		{A844307D-6FE6-41D8-8760-617B73DBE960}.Debug|Any CPU.ActiveCfg = Debug|Any CPU
		{A844307D-6FE6-41D8-8760-617B73DBE960}.Debug|Any CPU.Build.0 = Debug|Any CPU
		{A844307D-6FE6-41D8-8760-617B73DBE960}.Release|Any CPU.ActiveCfg = Release|Any CPU
		{A844307D-6FE6-41D8-8760-617B73DBE960}.Release|Any CPU.Build.0 = Release|Any CPU
		{0C52C929-732F-4621-81D8-ACF39EB01C29}.Debug|Any CPU.ActiveCfg = Debug|Any CPU
		{0C52C929-732F-4621-81D8-ACF39EB01C29}.Debug|Any CPU.Build.0 = Debug|Any CPU
		{0C52C929-732F-4621-81D8-ACF39EB01C29}.Release|Any CPU.ActiveCfg = Release|Any CPU
		{0C52C929-732F-4621-81D8-ACF39EB01C29}.Release|Any CPU.Build.0 = Release|Any CPU
		{3B313B76-32C0-4705-BEF5-3133E0BD4659}.Debug|Any CPU.ActiveCfg = Debug|Any CPU
		{3B313B76-32C0-4705-BEF5-3133E0BD4659}.Debug|Any CPU.Build.0 = Debug|Any CPU
		{3B313B76-32C0-4705-BEF5-3133E0BD4659}.Release|Any CPU.ActiveCfg = Release|Any CPU
		{3B313B76-32C0-4705-BEF5-3133E0BD4659}.Release|Any CPU.Build.0 = Release|Any CPU
	EndGlobalSection
	GlobalSection(SolutionProperties) = preSolution
		HideSolutionNode = FALSE
	EndGlobalSection
	GlobalSection(NestedProjects) = preSolution
		{D0A38CD8-F0F9-4AF0-8EA9-D379C3299A19} = {8FC1D956-A5B7-4D88-93C6-CA3018BD3FE2}
		{B2780E79-B310-4FDA-B3D6-8E4A3F5A7061} = {1BF59863-B483-4A7B-BF4E-D08C36A510DF}
		{DCBDB9DE-E10D-4FBB-B16D-6F274CBA49E2} = {4FD847EF-3BAE-4A47-8393-AB1AC72BFE49}
		{55FCABF8-85A7-476E-9B64-45CF8F45081E} = {4FD847EF-3BAE-4A47-8393-AB1AC72BFE49}
		{051B9AE6-3FD9-4DB6-8C22-454F34C98C1E} = {C091DF5A-843A-4762-9950-F46C24838BDA}
		{4EDCE689-4707-4913-9525-283241B6AEBD} = {C091DF5A-843A-4762-9950-F46C24838BDA}
		{A844307D-6FE6-41D8-8760-617B73DBE960} = {C091DF5A-843A-4762-9950-F46C24838BDA}
		{3B313B76-32C0-4705-BEF5-3133E0BD4659} = {C091DF5A-843A-4762-9950-F46C24838BDA}
		{0C52C929-732F-4621-81D8-ACF39EB01C29} = {D9C1E9E4-1686-49E8-9B73-23E9ECBFF557}
	EndGlobalSection
EndGlobal
