
Microsoft Visual Studio Solution File, Format Version 12.00
# Visual Studio 15
VisualStudioVersion = 15.0.26730.3
MinimumVisualStudioVersion = 10.0.40219.1
Project("{FAE04EC0-301F-11D3-BF4B-00C04F79EFBC}") = "Base64StringFileConverter.Windows", "Base64StringFileConverter.Windows\Base64StringFileConverter.Windows.csproj", "{A114D672-08AA-4E38-9C46-2BBB969546A2}"
EndProject
Project("{2150E333-8FDC-42A3-9474-1A3956D46DE8}") = "API", "API", "{2C7D5C63-2602-4368-B0D9-1B46EF56E7E6}"
EndProject
Project("{2150E333-8FDC-42A3-9474-1A3956D46DE8}") = "Clients", "Clients", "{3BA2D83C-437D-492C-8A1F-E6158469BDDC}"
EndProject
Project("{FAE04EC0-301F-11D3-BF4B-00C04F79EFBC}") = "Base64StringFileConverter.API", "Base64StringFileConverter.API\Base64StringFileConverter.API.csproj", "{38D28B52-3AF1-4262-8CB4-4BF3C124CF10}"
EndProject
Global
	GlobalSection(SolutionConfigurationPlatforms) = preSolution
		Debug|Any CPU = Debug|Any CPU
		Release|Any CPU = Release|Any CPU
	EndGlobalSection
	GlobalSection(ProjectConfigurationPlatforms) = postSolution
		{A114D672-08AA-4E38-9C46-2BBB969546A2}.Debug|Any CPU.ActiveCfg = Debug|Any CPU
		{A114D672-08AA-4E38-9C46-2BBB969546A2}.Debug|Any CPU.Build.0 = Debug|Any CPU
		{A114D672-08AA-4E38-9C46-2BBB969546A2}.Release|Any CPU.ActiveCfg = Release|Any CPU
		{A114D672-08AA-4E38-9C46-2BBB969546A2}.Release|Any CPU.Build.0 = Release|Any CPU
		{38D28B52-3AF1-4262-8CB4-4BF3C124CF10}.Debug|Any CPU.ActiveCfg = Debug|Any CPU
		{38D28B52-3AF1-4262-8CB4-4BF3C124CF10}.Debug|Any CPU.Build.0 = Debug|Any CPU
		{38D28B52-3AF1-4262-8CB4-4BF3C124CF10}.Release|Any CPU.ActiveCfg = Release|Any CPU
		{38D28B52-3AF1-4262-8CB4-4BF3C124CF10}.Release|Any CPU.Build.0 = Release|Any CPU
	EndGlobalSection
	GlobalSection(SolutionProperties) = preSolution
		HideSolutionNode = FALSE
	EndGlobalSection
	GlobalSection(NestedProjects) = preSolution
		{A114D672-08AA-4E38-9C46-2BBB969546A2} = {3BA2D83C-437D-492C-8A1F-E6158469BDDC}
		{38D28B52-3AF1-4262-8CB4-4BF3C124CF10} = {2C7D5C63-2602-4368-B0D9-1B46EF56E7E6}
	EndGlobalSection
	GlobalSection(ExtensibilityGlobals) = postSolution
		SolutionGuid = {A12E289E-7877-44CC-9184-304ECC5A7705}
	EndGlobalSection
EndGlobal
