
Microsoft Visual Studio Solution File, Format Version 12.00
# Visual Studio 2013
VisualStudioVersion = 12.0.40629.0
MinimumVisualStudioVersion = 10.0.40219.1
Project("{FAE04EC0-301F-11D3-BF4B-00C04F79EFBC}") = "Windows Run Shortcodes", "Windows Run Shortcodes\Windows Run Shortcodes.csproj", "{CC6F127E-D425-426D-8F94-E5A4155DE2DA}"
EndProject
Project("{2150E333-8FDC-42A3-9474-1A3956D46DE8}") = "Documentation", "Documentation", "{AEE195E4-5448-49F6-BA91-D8CAAF41C5C6}"
	ProjectSection(SolutionItems) = preProject
		Documentation.txt = Documentation.txt
	EndProjectSection
EndProject
Project("{FAE04EC0-301F-11D3-BF4B-00C04F79EFBC}") = "Shortcodes", "Shortcodes\Shortcodes.csproj", "{A30B717A-5069-49CC-8A35-483E80AD9CC0}"
EndProject
Global
	GlobalSection(SolutionConfigurationPlatforms) = preSolution
		Debug|Any CPU = Debug|Any CPU
		Publish|Any CPU = Publish|Any CPU
		Release|Any CPU = Release|Any CPU
	EndGlobalSection
	GlobalSection(ProjectConfigurationPlatforms) = postSolution
		{CC6F127E-D425-426D-8F94-E5A4155DE2DA}.Debug|Any CPU.ActiveCfg = Debug|Any CPU
		{CC6F127E-D425-426D-8F94-E5A4155DE2DA}.Debug|Any CPU.Build.0 = Debug|Any CPU
		{CC6F127E-D425-426D-8F94-E5A4155DE2DA}.Publish|Any CPU.ActiveCfg = Publish|Any CPU
		{CC6F127E-D425-426D-8F94-E5A4155DE2DA}.Publish|Any CPU.Build.0 = Publish|Any CPU
		{CC6F127E-D425-426D-8F94-E5A4155DE2DA}.Release|Any CPU.ActiveCfg = Release|Any CPU
		{CC6F127E-D425-426D-8F94-E5A4155DE2DA}.Release|Any CPU.Build.0 = Release|Any CPU
		{A30B717A-5069-49CC-8A35-483E80AD9CC0}.Debug|Any CPU.ActiveCfg = Debug|Any CPU
		{A30B717A-5069-49CC-8A35-483E80AD9CC0}.Debug|Any CPU.Build.0 = Debug|Any CPU
		{A30B717A-5069-49CC-8A35-483E80AD9CC0}.Publish|Any CPU.ActiveCfg = Publish|Any CPU
		{A30B717A-5069-49CC-8A35-483E80AD9CC0}.Publish|Any CPU.Build.0 = Publish|Any CPU
		{A30B717A-5069-49CC-8A35-483E80AD9CC0}.Release|Any CPU.ActiveCfg = Release|Any CPU
		{A30B717A-5069-49CC-8A35-483E80AD9CC0}.Release|Any CPU.Build.0 = Release|Any CPU
	EndGlobalSection
	GlobalSection(SolutionProperties) = preSolution
		HideSolutionNode = FALSE
	EndGlobalSection
EndGlobal
